
Microsoft Visual Studio Solution File, Format Version 12.00
# Visual Studio Version 16
VisualStudioVersion = 16.0.32228.343
MinimumVisualStudioVersion = 10.0.40219.1
Project("{FAE04EC0-301F-11D3-BF4B-00C04F79EFBC}") = "Unit Testing", "Unit Testing\Unit Testing.csproj", "{A9EAD57C-EFD9-4468-85F2-1F107AED43AF}"
EndProject
Project("{FAE04EC0-301F-11D3-BF4B-00C04F79EFBC}") = "BalanceTest", "BalanceTest\BalanceTest.csproj", "{9E03F6FD-FB46-4990-BB30-D848B8259912}"
EndProject
Global
	GlobalSection(SolutionConfigurationPlatforms) = preSolution
		Debug|Any CPU = Debug|Any CPU
		Release|Any CPU = Release|Any CPU
	EndGlobalSection
	GlobalSection(ProjectConfigurationPlatforms) = postSolution
		{A9EAD57C-EFD9-4468-85F2-1F107AED43AF}.Debug|Any CPU.ActiveCfg = Debug|Any CPU
		{A9EAD57C-EFD9-4468-85F2-1F107AED43AF}.Debug|Any CPU.Build.0 = Debug|Any CPU
		{A9EAD57C-EFD9-4468-85F2-1F107AED43AF}.Release|Any CPU.ActiveCfg = Release|Any CPU
		{A9EAD57C-EFD9-4468-85F2-1F107AED43AF}.Release|Any CPU.Build.0 = Release|Any CPU
		{9E03F6FD-FB46-4990-BB30-D848B8259912}.Debug|Any CPU.ActiveCfg = Debug|Any CPU
		{9E03F6FD-FB46-4990-BB30-D848B8259912}.Debug|Any CPU.Build.0 = Debug|Any CPU
		{9E03F6FD-FB46-4990-BB30-D848B8259912}.Release|Any CPU.ActiveCfg = Release|Any CPU
		{9E03F6FD-FB46-4990-BB30-D848B8259912}.Release|Any CPU.Build.0 = Release|Any CPU
	EndGlobalSection
	GlobalSection(SolutionProperties) = preSolution
		HideSolutionNode = FALSE
	EndGlobalSection
	GlobalSection(ExtensibilityGlobals) = postSolution
		SolutionGuid = {97E9B9EB-183D-4A8E-8A49-556A18923B94}
	EndGlobalSection
EndGlobal
